<?xml version="1.0" encoding="utf-8"?>
<Project ToolsVersion="4.0" xmlns="http://schemas.microsoft.com/developer/msbuild/2003">
  <ItemGroup>
    <Filter Include="Common">
      <UniqueIdentifier>{84db87f2-0eb0-4839-9194-8cd81bf1a9b1}</UniqueIdentifier>
    </Filter>
    <Filter Include="h">
      <UniqueIdentifier>{2A890683-2625-4CD2-A9E2-972DB6D4648B}</UniqueIdentifier>
      <Extensions>h;hh;hpp;hxx;hm;inl;inc;xsd</Extensions>
    </Filter>
    <Filter Include="s">
      <UniqueIdentifier>{580BAF08-FF86-44CC-97F4-055A94BDD581}</UniqueIdentifier>
      <Extensions>cpp;c;cc;cxx;def;odl;idl;hpj;bat;asm;asmx</Extensions>
    </Filter>
    <Filter Include="r">
      <UniqueIdentifier>{6DB3BBE0-0E5C-4951-9308-68F4F93541F4}</UniqueIdentifier>
      <Extensions>rc;ico;cur;bmp;dlg;rc2;rct;bin;rgs;gif;jpg;jpeg;jpe;resx;tiff;tif;png;wav;mfcribbon-ms</Extensions>
    </Filter>
  </ItemGroup>
  <ItemGroup>
    <ClCompile Include="Common\MathHelper.cpp">
      <Filter>s</Filter>
    </ClCompile>
    <ClCompile Include="MainApp.cpp">
      <Filter>s</Filter>
    </ClCompile>
    <ClCompile Include="Waves.cpp">
      <Filter>s</Filter>
    </ClCompile>
    <ClCompile Include="_main.cpp">
      <Filter>s</Filter>
    </ClCompile>
    <ClCompile Include="Common\D3DWinApp.cpp">
      <Filter>Common</Filter>
    </ClCompile>
    <ClCompile Include="Common\d3dUtil.cpp">
      <Filter>Common</Filter>
    </ClCompile>
    <ClCompile Include="Common\DDSTextureLoader.cpp">
      <Filter>Common</Filter>
    </ClCompile>
    <ClCompile Include="FactoryTexture.cpp">
      <Filter>Common</Filter>
    </ClCompile>
    <ClCompile Include="FrameResource.cpp">
      <Filter>Common</Filter>
    </ClCompile>
    <ClCompile Include="Common\GameTimer.cpp">
      <Filter>Common</Filter>
    </ClCompile>
    <ClCompile Include="Common\GeometryGenerator.cpp">
      <Filter>Common</Filter>
    </ClCompile>
    <ClCompile Include="Common\GraphicsEngineD3D.cpp">
      <Filter>Common</Filter>
    </ClCompile>
    <ClCompile Include="Common\G2ConstantsWin.cpp">
      <Filter>Common</Filter>
    </ClCompile>
  </ItemGroup>
  <ItemGroup>
    <ClInclude Include="Common\MathHelper.h">
      <Filter>h</Filter>
    </ClInclude>
    <ClInclude Include="Common\UploadBuffer.h">
      <Filter>h</Filter>
    </ClInclude>
    <ClInclude Include="Waves.h">
      <Filter>h</Filter>
    </ClInclude>
    <ClInclude Include="MainApp.h">
      <Filter>h</Filter>
    </ClInclude>
    <ClInclude Include="Common\D3DWinApp.h">
      <Filter>Common</Filter>
    </ClInclude>
    <ClInclude Include="Common\d3dUtil.h">
      <Filter>Common</Filter>
    </ClInclude>
    <ClInclude Include="Common\d3dx12.h">
      <Filter>Common</Filter>
    </ClInclude>
    <ClInclude Include="Common\DDSTextureLoader.h">
      <Filter>Common</Filter>
    </ClInclude>
    <ClInclude Include="FactoryTexture.h">
      <Filter>Common</Filter>
    </ClInclude>
    <ClInclude Include="FrameResource.h">
      <Filter>Common</Filter>
    </ClInclude>
    <ClInclude Include="Common\G2Constants.h">
      <Filter>Common</Filter>
    </ClInclude>
    <ClInclude Include="Common\GameTimer.h">
      <Filter>Common</Filter>
    </ClInclude>
    <ClInclude Include="Common\GeometryGenerator.h">
      <Filter>Common</Filter>
    </ClInclude>
    <ClInclude Include="Common\GraphicsEngineD3D.h">
      <Filter>Common</Filter>
    </ClInclude>
    <ClInclude Include="Common\G2ConstantsWin.h">
      <Filter>Common</Filter>
    </ClInclude>
  </ItemGroup>
</Project>