
Microsoft Visual Studio Solution File, Format Version 12.00
# Visual Studio Version 16
VisualStudioVersion = 16.0.36128.20
MinimumVisualStudioVersion = 10.0.40219.1
Project("{8BC9CEB8-8B4A-11D0-8D11-00A0C91BC942}") = "GLC.D3D11.sprite", "GLC.D3D11.sprite.vcxproj", "{27DFE69A-F00A-4B65-8E45-0C0391225BD2}"
EndProject
Project("{8BC9CEB8-8B4A-11D0-8D11-00A0C91BC942}") = "spine-cpp", "..\3rdparty\spine-cpp\spine-cpp.vcxproj", "{3D2F4E62-79E0-4B6C-9C67-F8F4C377EF55}"
EndProject
Global
	GlobalSection(SolutionConfigurationPlatforms) = preSolution
		Debug|x64 = Debug|x64
		Debug|x86 = Debug|x86
		MinSizeRel|x64 = MinSizeRel|x64
		MinSizeRel|x86 = MinSizeRel|x86
		Release|x64 = Release|x64
		Release|x86 = Release|x86
		RelWithDebInfo|x64 = RelWithDebInfo|x64
		RelWithDebInfo|x86 = RelWithDebInfo|x86
	EndGlobalSection
	GlobalSection(ProjectConfigurationPlatforms) = postSolution
		{27DFE69A-F00A-4B65-8E45-0C0391225BD2}.Debug|x64.ActiveCfg = Debug|x64
		{27DFE69A-F00A-4B65-8E45-0C0391225BD2}.Debug|x64.Build.0 = Debug|x64
		{27DFE69A-F00A-4B65-8E45-0C0391225BD2}.Debug|x86.ActiveCfg = Debug|Win32
		{27DFE69A-F00A-4B65-8E45-0C0391225BD2}.Debug|x86.Build.0 = Debug|Win32
		{27DFE69A-F00A-4B65-8E45-0C0391225BD2}.MinSizeRel|x64.ActiveCfg = Release|x64
		{27DFE69A-F00A-4B65-8E45-0C0391225BD2}.MinSizeRel|x64.Build.0 = Release|x64
		{27DFE69A-F00A-4B65-8E45-0C0391225BD2}.MinSizeRel|x86.ActiveCfg = Release|Win32
		{27DFE69A-F00A-4B65-8E45-0C0391225BD2}.MinSizeRel|x86.Build.0 = Release|Win32
		{27DFE69A-F00A-4B65-8E45-0C0391225BD2}.Release|x64.ActiveCfg = Release|x64
		{27DFE69A-F00A-4B65-8E45-0C0391225BD2}.Release|x64.Build.0 = Release|x64
		{27DFE69A-F00A-4B65-8E45-0C0391225BD2}.Release|x86.ActiveCfg = Release|Win32
		{27DFE69A-F00A-4B65-8E45-0C0391225BD2}.Release|x86.Build.0 = Release|Win32
		{27DFE69A-F00A-4B65-8E45-0C0391225BD2}.RelWithDebInfo|x64.ActiveCfg = Release|x64
		{27DFE69A-F00A-4B65-8E45-0C0391225BD2}.RelWithDebInfo|x64.Build.0 = Release|x64
		{27DFE69A-F00A-4B65-8E45-0C0391225BD2}.RelWithDebInfo|x86.ActiveCfg = Release|Win32
		{27DFE69A-F00A-4B65-8E45-0C0391225BD2}.RelWithDebInfo|x86.Build.0 = Release|Win32
		{3D2F4E62-79E0-4B6C-9C67-F8F4C377EF55}.Debug|x64.ActiveCfg = Debug|x64
		{3D2F4E62-79E0-4B6C-9C67-F8F4C377EF55}.Debug|x64.Build.0 = Debug|x64
		{3D2F4E62-79E0-4B6C-9C67-F8F4C377EF55}.Debug|x86.ActiveCfg = Debug|x64
		{3D2F4E62-79E0-4B6C-9C67-F8F4C377EF55}.MinSizeRel|x64.ActiveCfg = MinSizeRel|x64
		{3D2F4E62-79E0-4B6C-9C67-F8F4C377EF55}.MinSizeRel|x64.Build.0 = MinSizeRel|x64
		{3D2F4E62-79E0-4B6C-9C67-F8F4C377EF55}.MinSizeRel|x86.ActiveCfg = MinSizeRel|x64
		{3D2F4E62-79E0-4B6C-9C67-F8F4C377EF55}.Release|x64.ActiveCfg = Release|x64
		{3D2F4E62-79E0-4B6C-9C67-F8F4C377EF55}.Release|x64.Build.0 = Release|x64
		{3D2F4E62-79E0-4B6C-9C67-F8F4C377EF55}.Release|x86.ActiveCfg = Release|x64
		{3D2F4E62-79E0-4B6C-9C67-F8F4C377EF55}.RelWithDebInfo|x64.ActiveCfg = RelWithDebInfo|x64
		{3D2F4E62-79E0-4B6C-9C67-F8F4C377EF55}.RelWithDebInfo|x64.Build.0 = RelWithDebInfo|x64
		{3D2F4E62-79E0-4B6C-9C67-F8F4C377EF55}.RelWithDebInfo|x86.ActiveCfg = RelWithDebInfo|x64
	EndGlobalSection
	GlobalSection(SolutionProperties) = preSolution
		HideSolutionNode = FALSE
	EndGlobalSection
	GlobalSection(ExtensibilityGlobals) = postSolution
		SolutionGuid = {6FE137E1-58B1-447F-9ECD-9210E78D2867}
	EndGlobalSection
EndGlobal
