<?xml version="1.0" encoding="utf-8"?>
<Project ToolsVersion="4.0" xmlns="http://schemas.microsoft.com/developer/msbuild/2003">
  <ItemGroup>
    <Filter Include="Common">
      <UniqueIdentifier>{84db87f2-0eb0-4839-9194-8cd81bf1a9b1}</UniqueIdentifier>
      <Extensions>h;hh;hpp;hxx;hm;inl;inc;cpp;c;cc;cxx;def;odl;idl;hpj;bat;asm;asmx</Extensions>
    </Filter>
    <Filter Include="src">
      <UniqueIdentifier>{580BAF08-FF86-44CC-97F4-055A94BDD581}</UniqueIdentifier>
      <Extensions>h;hh;hpp;hxx;hm;inl;inc;cpp;c;cc;cxx;def;odl;idl;hpj;bat;asm;asmx</Extensions>
    </Filter>
    <Filter Include="res">
      <UniqueIdentifier>{6DB3BBE0-0E5C-4951-9308-68F4F93541F4}</UniqueIdentifier>
      <Extensions>rc;ico;cur;bmp;dlg;rc2;rct;bin;rgs;gif;jpg;jpeg;jpe;resx;tiff;tif;png;wav;mfcribbon-ms</Extensions>
    </Filter>
  </ItemGroup>
  <ItemGroup>
    <ClCompile Include="_main.cpp">
      <Filter>src</Filter>
    </ClCompile>
    <ClCompile Include="Common\D3DWinApp.cpp">
      <Filter>Common</Filter>
    </ClCompile>
    <ClCompile Include="Common\D12DDSTextureLoader.cpp">
      <Filter>Common</Filter>
    </ClCompile>
    <ClCompile Include="Common\GameTimer.cpp">
      <Filter>Common</Filter>
    </ClCompile>
    <ClCompile Include="Common\GeometryGenerator.cpp">
      <Filter>Common</Filter>
    </ClCompile>
    <ClCompile Include="Common\G2.EngineD3D.cpp">
      <Filter>Common</Filter>
    </ClCompile>
    <ClCompile Include="Common\G2.ConstantsWin.cpp">
      <Filter>Common</Filter>
    </ClCompile>
    <ClCompile Include="Common\G2.FactoryTexture.cpp">
      <Filter>Common</Filter>
    </ClCompile>
    <ClCompile Include="Common\G2.FactoryShader.cpp">
      <Filter>Common</Filter>
    </ClCompile>
    <ClCompile Include="Common\G2.Util.cpp">
      <Filter>Common</Filter>
    </ClCompile>
    <ClCompile Include="Common\G2.FactoryPipelineState.cpp">
      <Filter>Common</Filter>
    </ClCompile>
    <ClCompile Include="Common\G2.FactorySignature.cpp">
      <Filter>Common</Filter>
    </ClCompile>
    <ClCompile Include="Common\G2.Geometry.cpp">
      <Filter>Common</Filter>
    </ClCompile>
    <ClCompile Include="Common\G2.FrameConsts.cpp">
      <Filter>Common</Filter>
    </ClCompile>
    <ClCompile Include="SceneGameMesh.cpp">
      <Filter>src</Filter>
    </ClCompile>
    <ClCompile Include="MainApp.cpp">
      <Filter>src</Filter>
    </ClCompile>
    <ClCompile Include="SceneXtkGame.cpp">
      <Filter>src</Filter>
    </ClCompile>
  </ItemGroup>
  <ItemGroup>
    <ClInclude Include="Common\D3DWinApp.h">
      <Filter>Common</Filter>
    </ClInclude>
    <ClInclude Include="Common\D12DDSTextureLoader.h">
      <Filter>Common</Filter>
    </ClInclude>
    <ClInclude Include="Common\G2.Constants.h">
      <Filter>Common</Filter>
    </ClInclude>
    <ClInclude Include="Common\GameTimer.h">
      <Filter>Common</Filter>
    </ClInclude>
    <ClInclude Include="Common\GeometryGenerator.h">
      <Filter>Common</Filter>
    </ClInclude>
    <ClInclude Include="Common\G2.EngineD3D.h">
      <Filter>Common</Filter>
    </ClInclude>
    <ClInclude Include="Common\G2.ConstantsWin.h">
      <Filter>Common</Filter>
    </ClInclude>
    <ClInclude Include="Common\G2.FactoryTexture.h">
      <Filter>Common</Filter>
    </ClInclude>
    <ClInclude Include="Common\G2.FactoryShader.h">
      <Filter>Common</Filter>
    </ClInclude>
    <ClInclude Include="Common\G2.Factory.h">
      <Filter>Common</Filter>
    </ClInclude>
    <ClInclude Include="Common\G2.Util.h">
      <Filter>Common</Filter>
    </ClInclude>
    <ClInclude Include="Common\G2.FactoryPipelineState.h">
      <Filter>Common</Filter>
    </ClInclude>
    <ClInclude Include="Common\G2.FactorySIgnature.h">
      <Filter>Common</Filter>
    </ClInclude>
    <ClInclude Include="Common\G2.Geometry.h">
      <Filter>Common</Filter>
    </ClInclude>
    <ClInclude Include="Common\G2.FrameConsts.h">
      <Filter>Common</Filter>
    </ClInclude>
    <ClInclude Include="AppConst.h">
      <Filter>src</Filter>
    </ClInclude>
    <ClInclude Include="AppCommon.h">
      <Filter>src</Filter>
    </ClInclude>
    <ClInclude Include="Common\UploadBuffer.h">
      <Filter>Common</Filter>
    </ClInclude>
    <ClInclude Include="SceneGameMesh.h">
      <Filter>src</Filter>
    </ClInclude>
    <ClInclude Include="ShaderUploadChain.h">
      <Filter>src</Filter>
    </ClInclude>
    <ClInclude Include="MainApp.h">
      <Filter>src</Filter>
    </ClInclude>
    <ClInclude Include="Common\MathHelper.h">
      <Filter>Common</Filter>
    </ClInclude>
    <ClInclude Include="SceneXtkGame.h">
      <Filter>src</Filter>
    </ClInclude>
    <ClInclude Include="StepTimer.h">
      <Filter>src</Filter>
    </ClInclude>
  </ItemGroup>
  <ItemGroup>
    <FxCompile Include="Shaders\Default.hlsl">
      <Filter>res</Filter>
    </FxCompile>
    <FxCompile Include="Shaders\2dsprite.hlsl">
      <Filter>res</Filter>
    </FxCompile>
  </ItemGroup>
</Project>