
Microsoft Visual Studio Solution File, Format Version 12.00
# Visual Studio Version 16
VisualStudioVersion = 16.0.36107.64
MinimumVisualStudioVersion = 10.0.40219.1
Project("{8BC9CEB8-8B4A-11D0-8D11-00A0C91BC942}") = "g2engine", "g2engine.vcxproj", "{4BA7D399-CD23-4C80-8682-28FC20024F94}"
EndProject
Project("{8BC9CEB8-8B4A-11D0-8D11-00A0C91BC942}") = "DirectXTK12", "3rdparty\DirectXTK12\DirectXTK12.vcxproj", "{3049D276-BC04-419E-B8E7-1842BF09A49E}"
EndProject
Project("{8BC9CEB8-8B4A-11D0-8D11-00A0C91BC942}") = "spine-cpp", "3rdparty\spine-cpp\spine-cpp.vcxproj", "{3D2F4E62-79E0-4B6C-9C67-F8F4C377EF55}"
EndProject
Project("{2150E333-8FDC-42A3-9474-1A3956D46DE8}") = "3rdparty", "3rdparty", "{0F134572-9365-4639-8460-FD2FD4608144}"
EndProject
Global
	GlobalSection(SolutionConfigurationPlatforms) = preSolution
		Debug|x64 = Debug|x64
		Debug|x86 = Debug|x86
		MinSizeRel|x64 = MinSizeRel|x64
		MinSizeRel|x86 = MinSizeRel|x86
		Release|x64 = Release|x64
		Release|x86 = Release|x86
		RelWithDebInfo|x64 = RelWithDebInfo|x64
		RelWithDebInfo|x86 = RelWithDebInfo|x86
	EndGlobalSection
	GlobalSection(ProjectConfigurationPlatforms) = postSolution
		{4BA7D399-CD23-4C80-8682-28FC20024F94}.Debug|x64.ActiveCfg = Debug|x64
		{4BA7D399-CD23-4C80-8682-28FC20024F94}.Debug|x64.Build.0 = Debug|x64
		{4BA7D399-CD23-4C80-8682-28FC20024F94}.Debug|x86.ActiveCfg = Debug|Win32
		{4BA7D399-CD23-4C80-8682-28FC20024F94}.Debug|x86.Build.0 = Debug|Win32
		{4BA7D399-CD23-4C80-8682-28FC20024F94}.MinSizeRel|x64.ActiveCfg = Release|x64
		{4BA7D399-CD23-4C80-8682-28FC20024F94}.MinSizeRel|x64.Build.0 = Release|x64
		{4BA7D399-CD23-4C80-8682-28FC20024F94}.MinSizeRel|x86.ActiveCfg = Release|Win32
		{4BA7D399-CD23-4C80-8682-28FC20024F94}.MinSizeRel|x86.Build.0 = Release|Win32
		{4BA7D399-CD23-4C80-8682-28FC20024F94}.Release|x64.ActiveCfg = Release|x64
		{4BA7D399-CD23-4C80-8682-28FC20024F94}.Release|x64.Build.0 = Release|x64
		{4BA7D399-CD23-4C80-8682-28FC20024F94}.Release|x86.ActiveCfg = Release|Win32
		{4BA7D399-CD23-4C80-8682-28FC20024F94}.Release|x86.Build.0 = Release|Win32
		{4BA7D399-CD23-4C80-8682-28FC20024F94}.RelWithDebInfo|x64.ActiveCfg = Release|x64
		{4BA7D399-CD23-4C80-8682-28FC20024F94}.RelWithDebInfo|x64.Build.0 = Release|x64
		{4BA7D399-CD23-4C80-8682-28FC20024F94}.RelWithDebInfo|x86.ActiveCfg = Release|Win32
		{4BA7D399-CD23-4C80-8682-28FC20024F94}.RelWithDebInfo|x86.Build.0 = Release|Win32
		{3049D276-BC04-419E-B8E7-1842BF09A49E}.Debug|x64.ActiveCfg = Debug|x64
		{3049D276-BC04-419E-B8E7-1842BF09A49E}.Debug|x64.Build.0 = Debug|x64
		{3049D276-BC04-419E-B8E7-1842BF09A49E}.Debug|x86.ActiveCfg = Debug|Win32
		{3049D276-BC04-419E-B8E7-1842BF09A49E}.Debug|x86.Build.0 = Debug|Win32
		{3049D276-BC04-419E-B8E7-1842BF09A49E}.MinSizeRel|x64.ActiveCfg = Release|x64
		{3049D276-BC04-419E-B8E7-1842BF09A49E}.MinSizeRel|x64.Build.0 = Release|x64
		{3049D276-BC04-419E-B8E7-1842BF09A49E}.MinSizeRel|x86.ActiveCfg = Release|Win32
		{3049D276-BC04-419E-B8E7-1842BF09A49E}.MinSizeRel|x86.Build.0 = Release|Win32
		{3049D276-BC04-419E-B8E7-1842BF09A49E}.Release|x64.ActiveCfg = Release|x64
		{3049D276-BC04-419E-B8E7-1842BF09A49E}.Release|x64.Build.0 = Release|x64
		{3049D276-BC04-419E-B8E7-1842BF09A49E}.Release|x86.ActiveCfg = Release|Win32
		{3049D276-BC04-419E-B8E7-1842BF09A49E}.Release|x86.Build.0 = Release|Win32
		{3049D276-BC04-419E-B8E7-1842BF09A49E}.RelWithDebInfo|x64.ActiveCfg = Release|x64
		{3049D276-BC04-419E-B8E7-1842BF09A49E}.RelWithDebInfo|x64.Build.0 = Release|x64
		{3049D276-BC04-419E-B8E7-1842BF09A49E}.RelWithDebInfo|x86.ActiveCfg = Release|Win32
		{3049D276-BC04-419E-B8E7-1842BF09A49E}.RelWithDebInfo|x86.Build.0 = Release|Win32
		{3D2F4E62-79E0-4B6C-9C67-F8F4C377EF55}.Debug|x64.ActiveCfg = Debug|x64
		{3D2F4E62-79E0-4B6C-9C67-F8F4C377EF55}.Debug|x64.Build.0 = Debug|x64
		{3D2F4E62-79E0-4B6C-9C67-F8F4C377EF55}.Debug|x86.ActiveCfg = Debug|x64
		{3D2F4E62-79E0-4B6C-9C67-F8F4C377EF55}.MinSizeRel|x64.ActiveCfg = MinSizeRel|x64
		{3D2F4E62-79E0-4B6C-9C67-F8F4C377EF55}.MinSizeRel|x64.Build.0 = MinSizeRel|x64
		{3D2F4E62-79E0-4B6C-9C67-F8F4C377EF55}.MinSizeRel|x86.ActiveCfg = MinSizeRel|x64
		{3D2F4E62-79E0-4B6C-9C67-F8F4C377EF55}.Release|x64.ActiveCfg = Release|x64
		{3D2F4E62-79E0-4B6C-9C67-F8F4C377EF55}.Release|x64.Build.0 = Release|x64
		{3D2F4E62-79E0-4B6C-9C67-F8F4C377EF55}.Release|x86.ActiveCfg = Release|x64
		{3D2F4E62-79E0-4B6C-9C67-F8F4C377EF55}.RelWithDebInfo|x64.ActiveCfg = RelWithDebInfo|x64
		{3D2F4E62-79E0-4B6C-9C67-F8F4C377EF55}.RelWithDebInfo|x64.Build.0 = RelWithDebInfo|x64
		{3D2F4E62-79E0-4B6C-9C67-F8F4C377EF55}.RelWithDebInfo|x86.ActiveCfg = RelWithDebInfo|x64
	EndGlobalSection
	GlobalSection(SolutionProperties) = preSolution
		HideSolutionNode = FALSE
	EndGlobalSection
	GlobalSection(NestedProjects) = preSolution
		{3049D276-BC04-419E-B8E7-1842BF09A49E} = {0F134572-9365-4639-8460-FD2FD4608144}
		{3D2F4E62-79E0-4B6C-9C67-F8F4C377EF55} = {0F134572-9365-4639-8460-FD2FD4608144}
	EndGlobalSection
	GlobalSection(ExtensibilityGlobals) = postSolution
		SolutionGuid = {98DF29D9-F2AE-419A-9EBB-EB70D79FE1F0}
	EndGlobalSection
EndGlobal
