<?xml version="1.0" encoding="utf-8"?>
<Project ToolsVersion="4.0" xmlns="http://schemas.microsoft.com/developer/msbuild/2003">
  <ItemGroup>
    <Filter Include="Common">
      <UniqueIdentifier>{84db87f2-0eb0-4839-9194-8cd81bf1a9b1}</UniqueIdentifier>
    </Filter>
    <Filter Include="h">
      <UniqueIdentifier>{2A890683-2625-4CD2-A9E2-972DB6D4648B}</UniqueIdentifier>
      <Extensions>h;hh;hpp;hxx;hm;inl;inc;xsd</Extensions>
    </Filter>
    <Filter Include="s">
      <UniqueIdentifier>{580BAF08-FF86-44CC-97F4-055A94BDD581}</UniqueIdentifier>
      <Extensions>cpp;c;cc;cxx;def;odl;idl;hpj;bat;asm;asmx</Extensions>
    </Filter>
    <Filter Include="r">
      <UniqueIdentifier>{6DB3BBE0-0E5C-4951-9308-68F4F93541F4}</UniqueIdentifier>
      <Extensions>rc;ico;cur;bmp;dlg;rc2;rct;bin;rgs;gif;jpg;jpeg;jpe;resx;tiff;tif;png;wav;mfcribbon-ms</Extensions>
    </Filter>
    <Filter Include="DirectXTK12">
      <UniqueIdentifier>{4cab1ff8-b213-4076-8223-e8aae4c159fc}</UniqueIdentifier>
    </Filter>
    <Filter Include="DirectXTK12\Audio">
      <UniqueIdentifier>{58d056e8-adbe-4d78-91ad-d5c1fc7d57fc}</UniqueIdentifier>
    </Filter>
    <Filter Include="DirectXTK12\Inc">
      <UniqueIdentifier>{3dfeba15-f5ff-4560-ae1b-9edd2799114f}</UniqueIdentifier>
    </Filter>
    <Filter Include="DirectXTK12\Src">
      <UniqueIdentifier>{f86ddea1-a724-4ab1-abce-885554963950}</UniqueIdentifier>
    </Filter>
    <Filter Include="DirectXTK12\Src\Compiled">
      <UniqueIdentifier>{5a0d24b1-bf0f-4cb8-aa8a-8e2f40fe01e8}</UniqueIdentifier>
    </Filter>
  </ItemGroup>
  <ItemGroup>
    <ClCompile Include="_main.cpp">
      <Filter>s</Filter>
    </ClCompile>
    <ClCompile Include="Common\D3DWinApp.cpp">
      <Filter>Common</Filter>
    </ClCompile>
    <ClCompile Include="Common\d3dUtil.cpp">
      <Filter>Common</Filter>
    </ClCompile>
    <ClCompile Include="Common\D12DDSTextureLoader.cpp">
      <Filter>Common</Filter>
    </ClCompile>
    <ClCompile Include="Common\GameTimer.cpp">
      <Filter>Common</Filter>
    </ClCompile>
    <ClCompile Include="Common\GeometryGenerator.cpp">
      <Filter>Common</Filter>
    </ClCompile>
    <ClCompile Include="Common\G2.EngineD3D.cpp">
      <Filter>Common</Filter>
    </ClCompile>
    <ClCompile Include="Common\G2.ConstantsWin.cpp">
      <Filter>Common</Filter>
    </ClCompile>
    <ClCompile Include="Common\G2.FactoryTexture.cpp">
      <Filter>Common</Filter>
    </ClCompile>
    <ClCompile Include="Common\G2.FactoryShader.cpp">
      <Filter>Common</Filter>
    </ClCompile>
    <ClCompile Include="Common\G2.Util.cpp">
      <Filter>Common</Filter>
    </ClCompile>
    <ClCompile Include="Common\G2.FactoryPipelineState.cpp">
      <Filter>Common</Filter>
    </ClCompile>
    <ClCompile Include="Common\G2.FactorySignature.cpp">
      <Filter>Common</Filter>
    </ClCompile>
    <ClCompile Include="Common\G2.Geometry.cpp">
      <Filter>Common</Filter>
    </ClCompile>
    <ClCompile Include="Common\G2.FrameConsts.cpp">
      <Filter>Common</Filter>
    </ClCompile>
    <ClCompile Include="DirectXTK12\Audio\AudioEngine.cpp">
      <Filter>DirectXTK12\Audio</Filter>
    </ClCompile>
    <ClCompile Include="DirectXTK12\Audio\DynamicSoundEffectInstance.cpp">
      <Filter>DirectXTK12\Audio</Filter>
    </ClCompile>
    <ClCompile Include="DirectXTK12\Audio\SoundCommon.cpp">
      <Filter>DirectXTK12\Audio</Filter>
    </ClCompile>
    <ClCompile Include="DirectXTK12\Src\AlphaTestEffect.cpp">
      <Filter>DirectXTK12\Src</Filter>
    </ClCompile>
    <ClCompile Include="DirectXTK12\Src\BasicEffect.cpp">
      <Filter>DirectXTK12\Src</Filter>
    </ClCompile>
    <ClCompile Include="DirectXTK12\Src\BasicPostProcess.cpp">
      <Filter>DirectXTK12\Src</Filter>
    </ClCompile>
    <ClCompile Include="DirectXTK12\Src\BinaryReader.cpp">
      <Filter>DirectXTK12\Src</Filter>
    </ClCompile>
    <ClCompile Include="DirectXTK12\Src\BufferHelpers.cpp">
      <Filter>DirectXTK12\Src</Filter>
    </ClCompile>
    <ClCompile Include="DirectXTK12\Src\CommonStates.cpp">
      <Filter>DirectXTK12\Src</Filter>
    </ClCompile>
    <ClCompile Include="DirectXTK12\Src\DebugEffect.cpp">
      <Filter>DirectXTK12\Src</Filter>
    </ClCompile>
    <ClCompile Include="DirectXTK12\Src\DescriptorHeap.cpp">
      <Filter>DirectXTK12\Src</Filter>
    </ClCompile>
    <ClCompile Include="DirectXTK12\Src\DirectXHelpers.cpp">
      <Filter>DirectXTK12\Src</Filter>
    </ClCompile>
    <ClCompile Include="DirectXTK12\Src\DualPostProcess.cpp">
      <Filter>DirectXTK12\Src</Filter>
    </ClCompile>
    <ClCompile Include="DirectXTK12\Src\DualTextureEffect.cpp">
      <Filter>DirectXTK12\Src</Filter>
    </ClCompile>
    <ClCompile Include="DirectXTK12\Src\EffectCommon.cpp">
      <Filter>DirectXTK12\Src</Filter>
    </ClCompile>
    <ClCompile Include="DirectXTK12\Src\EffectFactory.cpp">
      <Filter>DirectXTK12\Src</Filter>
    </ClCompile>
    <ClCompile Include="DirectXTK12\Src\EffectPipelineStateDescription.cpp">
      <Filter>DirectXTK12\Src</Filter>
    </ClCompile>
    <ClCompile Include="DirectXTK12\Src\EffectTextureFactory.cpp">
      <Filter>DirectXTK12\Src</Filter>
    </ClCompile>
    <ClCompile Include="DirectXTK12\Src\EnvironmentMapEffect.cpp">
      <Filter>DirectXTK12\Src</Filter>
    </ClCompile>
    <ClCompile Include="DirectXTK12\Src\GamePad.cpp">
      <Filter>DirectXTK12\Src</Filter>
    </ClCompile>
    <ClCompile Include="DirectXTK12\Src\GeometricPrimitive.cpp">
      <Filter>DirectXTK12\Src</Filter>
    </ClCompile>
    <ClCompile Include="DirectXTK12\Src\Geometry.cpp">
      <Filter>DirectXTK12\Src</Filter>
    </ClCompile>
    <ClCompile Include="DirectXTK12\Src\GraphicsMemory.cpp">
      <Filter>DirectXTK12\Src</Filter>
    </ClCompile>
    <ClCompile Include="DirectXTK12\Src\Keyboard.cpp">
      <Filter>DirectXTK12\Src</Filter>
    </ClCompile>
    <ClCompile Include="DirectXTK12\Src\LinearAllocator.cpp">
      <Filter>DirectXTK12\Src</Filter>
    </ClCompile>
    <ClCompile Include="Common\MathHelper.cpp">
      <Filter>DirectXTK12\Src</Filter>
    </ClCompile>
    <ClCompile Include="DirectXTK12\Src\Model.cpp">
      <Filter>DirectXTK12\Src</Filter>
    </ClCompile>
    <ClCompile Include="DirectXTK12\Src\ModelLoadCMO.cpp">
      <Filter>DirectXTK12\Src</Filter>
    </ClCompile>
    <ClCompile Include="DirectXTK12\Src\ModelLoadSDKMESH.cpp">
      <Filter>DirectXTK12\Src</Filter>
    </ClCompile>
    <ClCompile Include="DirectXTK12\Src\ModelLoadVBO.cpp">
      <Filter>DirectXTK12\Src</Filter>
    </ClCompile>
    <ClCompile Include="DirectXTK12\Src\Mouse.cpp">
      <Filter>DirectXTK12\Src</Filter>
    </ClCompile>
    <ClCompile Include="DirectXTK12\Src\NormalMapEffect.cpp">
      <Filter>DirectXTK12\Src</Filter>
    </ClCompile>
    <ClCompile Include="DirectXTK12\Src\PBREffect.cpp">
      <Filter>DirectXTK12\Src</Filter>
    </ClCompile>
    <ClCompile Include="DirectXTK12\Src\PBREffectFactory.cpp">
      <Filter>DirectXTK12\Src</Filter>
    </ClCompile>
    <ClCompile Include="DirectXTK12\Src\pch.cpp">
      <Filter>DirectXTK12\Src</Filter>
    </ClCompile>
    <ClCompile Include="DirectXTK12\Src\PrimitiveBatch.cpp">
      <Filter>DirectXTK12\Src</Filter>
    </ClCompile>
    <ClCompile Include="DirectXTK12\Src\ResourceUploadBatch.cpp">
      <Filter>DirectXTK12\Src</Filter>
    </ClCompile>
    <ClCompile Include="DirectXTK12\Src\ScreenGrab.cpp">
      <Filter>DirectXTK12\Src</Filter>
    </ClCompile>
    <ClCompile Include="DirectXTK12\Src\SimpleMath.cpp">
      <Filter>DirectXTK12\Src</Filter>
    </ClCompile>
    <ClCompile Include="DirectXTK12\Src\SkinnedEffect.cpp">
      <Filter>DirectXTK12\Src</Filter>
    </ClCompile>
    <ClCompile Include="DirectXTK12\Src\SpriteBatch.cpp">
      <Filter>DirectXTK12\Src</Filter>
    </ClCompile>
    <ClCompile Include="DirectXTK12\Src\SpriteFont.cpp">
      <Filter>DirectXTK12\Src</Filter>
    </ClCompile>
    <ClCompile Include="DirectXTK12\Src\ToneMapPostProcess.cpp">
      <Filter>DirectXTK12\Src</Filter>
    </ClCompile>
    <ClCompile Include="DirectXTK12\Src\VertexTypes.cpp">
      <Filter>DirectXTK12\Src</Filter>
    </ClCompile>
    <ClCompile Include="DirectXTK12\Src\WICTextureLoader.cpp">
      <Filter>DirectXTK12\Src</Filter>
    </ClCompile>
    <ClCompile Include="DirectXTK12\Src\XboxDDSTextureLoader.cpp">
      <Filter>DirectXTK12\Src</Filter>
    </ClCompile>
    <ClCompile Include="DirectXTK12\Src\DDSTextureLoader.cpp">
      <Filter>DirectXTK12\Src</Filter>
    </ClCompile>
    <ClCompile Include="DirectXTK12\Audio\SoundEffect.cpp">
      <Filter>DirectXTK12\Audio</Filter>
    </ClCompile>
    <ClCompile Include="DirectXTK12\Audio\SoundEffectInstance.cpp">
      <Filter>DirectXTK12\Audio</Filter>
    </ClCompile>
    <ClCompile Include="DirectXTK12\Audio\WaveBank.cpp">
      <Filter>DirectXTK12\Audio</Filter>
    </ClCompile>
    <ClCompile Include="DirectXTK12\Audio\WaveBankReader.cpp">
      <Filter>DirectXTK12\Audio</Filter>
    </ClCompile>
    <ClCompile Include="DirectXTK12\Audio\WAVFileReader.cpp">
      <Filter>DirectXTK12\Audio</Filter>
    </ClCompile>
    <ClCompile Include="DirectXTK12\Audio\SoundStreamInstance.cpp">
      <Filter>DirectXTK12\Audio</Filter>
    </ClCompile>
    <ClCompile Include="SceneGameMesh.cpp">
      <Filter>s</Filter>
    </ClCompile>
    <ClCompile Include="ShaderUploadChain.cpp">
      <Filter>s</Filter>
    </ClCompile>
    <ClCompile Include="MainApp.cpp">
      <Filter>s</Filter>
    </ClCompile>
  </ItemGroup>
  <ItemGroup>
    <ClInclude Include="Common\D3DWinApp.h">
      <Filter>Common</Filter>
    </ClInclude>
    <ClInclude Include="Common\d3dUtil.h">
      <Filter>Common</Filter>
    </ClInclude>
    <ClInclude Include="Common\D12DDSTextureLoader.h">
      <Filter>Common</Filter>
    </ClInclude>
    <ClInclude Include="Common\G2.Constants.h">
      <Filter>Common</Filter>
    </ClInclude>
    <ClInclude Include="Common\GameTimer.h">
      <Filter>Common</Filter>
    </ClInclude>
    <ClInclude Include="Common\GeometryGenerator.h">
      <Filter>Common</Filter>
    </ClInclude>
    <ClInclude Include="Common\G2.EngineD3D.h">
      <Filter>Common</Filter>
    </ClInclude>
    <ClInclude Include="Common\G2.ConstantsWin.h">
      <Filter>Common</Filter>
    </ClInclude>
    <ClInclude Include="Common\G2.FactoryTexture.h">
      <Filter>Common</Filter>
    </ClInclude>
    <ClInclude Include="Common\G2.FactoryShader.h">
      <Filter>Common</Filter>
    </ClInclude>
    <ClInclude Include="Common\G2.Factory.h">
      <Filter>Common</Filter>
    </ClInclude>
    <ClInclude Include="Common\G2.Util.h">
      <Filter>Common</Filter>
    </ClInclude>
    <ClInclude Include="Common\G2.FactoryPipelineState.h">
      <Filter>Common</Filter>
    </ClInclude>
    <ClInclude Include="Common\G2.FactorySIgnature.h">
      <Filter>Common</Filter>
    </ClInclude>
    <ClInclude Include="Common\G2.Geometry.h">
      <Filter>Common</Filter>
    </ClInclude>
    <ClInclude Include="Common\G2.FrameConsts.h">
      <Filter>Common</Filter>
    </ClInclude>
    <ClInclude Include="AppConst.h">
      <Filter>s</Filter>
    </ClInclude>
    <ClInclude Include="AppCommon.h">
      <Filter>s</Filter>
    </ClInclude>
    <ClInclude Include="Common\UploadBuffer.h">
      <Filter>Common</Filter>
    </ClInclude>
    <ClInclude Include="DirectXTK12\Inc\XboxDDSTextureLoader.h">
      <Filter>DirectXTK12\Inc</Filter>
    </ClInclude>
    <ClInclude Include="DirectXTK12\Inc\Audio.h">
      <Filter>DirectXTK12\Inc</Filter>
    </ClInclude>
    <ClInclude Include="DirectXTK12\Inc\BufferHelpers.h">
      <Filter>DirectXTK12\Inc</Filter>
    </ClInclude>
    <ClInclude Include="DirectXTK12\Inc\CommonStates.h">
      <Filter>DirectXTK12\Inc</Filter>
    </ClInclude>
    <ClInclude Include="DirectXTK12\Inc\DDSTextureLoader.h">
      <Filter>DirectXTK12\Inc</Filter>
    </ClInclude>
    <ClInclude Include="DirectXTK12\Inc\DescriptorHeap.h">
      <Filter>DirectXTK12\Inc</Filter>
    </ClInclude>
    <ClInclude Include="DirectXTK12\Inc\DirectXHelpers.h">
      <Filter>DirectXTK12\Inc</Filter>
    </ClInclude>
    <ClInclude Include="DirectXTK12\Inc\EffectPipelineStateDescription.h">
      <Filter>DirectXTK12\Inc</Filter>
    </ClInclude>
    <ClInclude Include="DirectXTK12\Inc\Effects.h">
      <Filter>DirectXTK12\Inc</Filter>
    </ClInclude>
    <ClInclude Include="DirectXTK12\Inc\GamePad.h">
      <Filter>DirectXTK12\Inc</Filter>
    </ClInclude>
    <ClInclude Include="DirectXTK12\Inc\GeometricPrimitive.h">
      <Filter>DirectXTK12\Inc</Filter>
    </ClInclude>
    <ClInclude Include="DirectXTK12\Inc\GraphicsMemory.h">
      <Filter>DirectXTK12\Inc</Filter>
    </ClInclude>
    <ClInclude Include="DirectXTK12\Inc\Keyboard.h">
      <Filter>DirectXTK12\Inc</Filter>
    </ClInclude>
    <ClInclude Include="DirectXTK12\Inc\Model.h">
      <Filter>DirectXTK12\Inc</Filter>
    </ClInclude>
    <ClInclude Include="DirectXTK12\Inc\Mouse.h">
      <Filter>DirectXTK12\Inc</Filter>
    </ClInclude>
    <ClInclude Include="DirectXTK12\Src\PlatformHelpers.h">
      <Filter>DirectXTK12\Inc</Filter>
    </ClInclude>
    <ClInclude Include="DirectXTK12\Inc\PostProcess.h">
      <Filter>DirectXTK12\Inc</Filter>
    </ClInclude>
    <ClInclude Include="DirectXTK12\Inc\PrimitiveBatch.h">
      <Filter>DirectXTK12\Inc</Filter>
    </ClInclude>
    <ClInclude Include="DirectXTK12\Inc\RenderTargetState.h">
      <Filter>DirectXTK12\Inc</Filter>
    </ClInclude>
    <ClInclude Include="DirectXTK12\Inc\ResourceUploadBatch.h">
      <Filter>DirectXTK12\Inc</Filter>
    </ClInclude>
    <ClInclude Include="DirectXTK12\Inc\ScreenGrab.h">
      <Filter>DirectXTK12\Inc</Filter>
    </ClInclude>
    <ClInclude Include="DirectXTK12\Src\SharedResourcePool.h">
      <Filter>DirectXTK12\Inc</Filter>
    </ClInclude>
    <ClInclude Include="DirectXTK12\Inc\SimpleMath.h">
      <Filter>DirectXTK12\Inc</Filter>
    </ClInclude>
    <ClInclude Include="DirectXTK12\Inc\SpriteBatch.h">
      <Filter>DirectXTK12\Inc</Filter>
    </ClInclude>
    <ClInclude Include="DirectXTK12\Inc\SpriteFont.h">
      <Filter>DirectXTK12\Inc</Filter>
    </ClInclude>
    <ClInclude Include="DirectXTK12\Inc\VertexTypes.h">
      <Filter>DirectXTK12\Inc</Filter>
    </ClInclude>
    <ClInclude Include="DirectXTK12\Inc\WICTextureLoader.h">
      <Filter>DirectXTK12\Inc</Filter>
    </ClInclude>
    <ClInclude Include="DirectXTK12\Audio\SoundCommon.h">
      <Filter>DirectXTK12\Audio</Filter>
    </ClInclude>
    <ClInclude Include="DirectXTK12\Audio\WaveBankReader.h">
      <Filter>DirectXTK12\Audio</Filter>
    </ClInclude>
    <ClInclude Include="DirectXTK12\Audio\WAVFileReader.h">
      <Filter>DirectXTK12\Audio</Filter>
    </ClInclude>
    <ClInclude Include="DirectXTK12\Src\AlignedNew.h">
      <Filter>DirectXTK12\Src</Filter>
    </ClInclude>
    <ClInclude Include="DirectXTK12\Src\BinaryReader.h">
      <Filter>DirectXTK12\Src</Filter>
    </ClInclude>
    <ClInclude Include="DirectXTK12\Src\Bezier.h">
      <Filter>DirectXTK12\Src</Filter>
    </ClInclude>
    <ClInclude Include="DirectXTK12\Src\CMO.h">
      <Filter>DirectXTK12\Src</Filter>
    </ClInclude>
    <ClInclude Include="Common\d3dx12.h">
      <Filter>Common</Filter>
    </ClInclude>
    <ClInclude Include="DirectXTK12\Src\d3dx12.h">
      <Filter>DirectXTK12\Src</Filter>
    </ClInclude>
    <ClInclude Include="DirectXTK12\Src\DDS.h">
      <Filter>DirectXTK12\Src</Filter>
    </ClInclude>
    <ClInclude Include="DirectXTK12\Src\DemandCreate.h">
      <Filter>DirectXTK12\Src</Filter>
    </ClInclude>
    <ClInclude Include="DirectXTK12\Src\EffectCommon.h">
      <Filter>DirectXTK12\Src</Filter>
    </ClInclude>
    <ClInclude Include="DirectXTK12\Src\Geometry.h">
      <Filter>DirectXTK12\Src</Filter>
    </ClInclude>
    <ClInclude Include="Common\MathHelper.h">
      <Filter>DirectXTK12\Src</Filter>
    </ClInclude>
    <ClInclude Include="DirectXTK12\Src\LinearAllocator.h">
      <Filter>DirectXTK12\Src</Filter>
    </ClInclude>
    <ClInclude Include="DirectXTK12\Src\LoaderHelpers.h">
      <Filter>DirectXTK12\Src</Filter>
    </ClInclude>
    <ClInclude Include="DirectXTK12\Src\pch.h">
      <Filter>DirectXTK12\Src</Filter>
    </ClInclude>
    <ClInclude Include="DirectXTK12\Src\SDKMesh.h">
      <Filter>DirectXTK12\Src</Filter>
    </ClInclude>
    <ClInclude Include="DirectXTK12\Src\vbo.h">
      <Filter>DirectXTK12\Src</Filter>
    </ClInclude>
    <ClInclude Include="SceneGameMesh.h">
      <Filter>s</Filter>
    </ClInclude>
    <ClInclude Include="ShaderUploadChain.h">
      <Filter>s</Filter>
    </ClInclude>
    <ClInclude Include="MainApp.h">
      <Filter>s</Filter>
    </ClInclude>
  </ItemGroup>
  <ItemGroup>
    <None Include="packages.config" />
    <None Include="DirectXTK12\Inc\SimpleMath.inl">
      <Filter>DirectXTK12\Inc</Filter>
    </None>
    <None Include="DirectXTK12\Src\TeapotData.inc">
      <Filter>DirectXTK12\Src</Filter>
    </None>
    <None Include="DirectXTK12\Src\Shaders\Compiled\AlphaTestEffect_PSAlphaTestEqNe.inc">
      <Filter>DirectXTK12\Src\Compiled</Filter>
    </None>
    <None Include="DirectXTK12\Src\Shaders\Compiled\AlphaTestEffect_PSAlphaTestEqNeNoFog.inc">
      <Filter>DirectXTK12\Src\Compiled</Filter>
    </None>
    <None Include="DirectXTK12\Src\Shaders\Compiled\AlphaTestEffect_PSAlphaTestLtGt.inc">
      <Filter>DirectXTK12\Src\Compiled</Filter>
    </None>
    <None Include="DirectXTK12\Src\Shaders\Compiled\AlphaTestEffect_PSAlphaTestLtGtNoFog.inc">
      <Filter>DirectXTK12\Src\Compiled</Filter>
    </None>
    <None Include="DirectXTK12\Src\Shaders\Compiled\AlphaTestEffect_VSAlphaTest.inc">
      <Filter>DirectXTK12\Src\Compiled</Filter>
    </None>
    <None Include="DirectXTK12\Src\Shaders\Compiled\AlphaTestEffect_VSAlphaTestNoFog.inc">
      <Filter>DirectXTK12\Src\Compiled</Filter>
    </None>
    <None Include="DirectXTK12\Src\Shaders\Compiled\AlphaTestEffect_VSAlphaTestVc.inc">
      <Filter>DirectXTK12\Src\Compiled</Filter>
    </None>
    <None Include="DirectXTK12\Src\Shaders\Compiled\AlphaTestEffect_VSAlphaTestVcNoFog.inc">
      <Filter>DirectXTK12\Src\Compiled</Filter>
    </None>
    <None Include="DirectXTK12\Src\Shaders\Compiled\BasicEffect_PSBasic.inc">
      <Filter>DirectXTK12\Src\Compiled</Filter>
    </None>
    <None Include="DirectXTK12\Src\Shaders\Compiled\BasicEffect_PSBasicNoFog.inc">
      <Filter>DirectXTK12\Src\Compiled</Filter>
    </None>
    <None Include="DirectXTK12\Src\Shaders\Compiled\BasicEffect_PSBasicPixelLighting.inc">
      <Filter>DirectXTK12\Src\Compiled</Filter>
    </None>
    <None Include="DirectXTK12\Src\Shaders\Compiled\BasicEffect_PSBasicPixelLightingTx.inc">
      <Filter>DirectXTK12\Src\Compiled</Filter>
    </None>
    <None Include="DirectXTK12\Src\Shaders\Compiled\BasicEffect_PSBasicTx.inc">
      <Filter>DirectXTK12\Src\Compiled</Filter>
    </None>
    <None Include="DirectXTK12\Src\Shaders\Compiled\BasicEffect_PSBasicTxNoFog.inc">
      <Filter>DirectXTK12\Src\Compiled</Filter>
    </None>
    <None Include="DirectXTK12\Src\Shaders\Compiled\BasicEffect_PSBasicVertexLighting.inc">
      <Filter>DirectXTK12\Src\Compiled</Filter>
    </None>
    <None Include="DirectXTK12\Src\Shaders\Compiled\BasicEffect_PSBasicVertexLightingNoFog.inc">
      <Filter>DirectXTK12\Src\Compiled</Filter>
    </None>
    <None Include="DirectXTK12\Src\Shaders\Compiled\BasicEffect_PSBasicVertexLightingTx.inc">
      <Filter>DirectXTK12\Src\Compiled</Filter>
    </None>
    <None Include="DirectXTK12\Src\Shaders\Compiled\BasicEffect_PSBasicVertexLightingTxNoFog.inc">
      <Filter>DirectXTK12\Src\Compiled</Filter>
    </None>
    <None Include="DirectXTK12\Src\Shaders\Compiled\BasicEffect_VSBasic.inc">
      <Filter>DirectXTK12\Src\Compiled</Filter>
    </None>
    <None Include="DirectXTK12\Src\Shaders\Compiled\BasicEffect_VSBasicNoFog.inc">
      <Filter>DirectXTK12\Src\Compiled</Filter>
    </None>
    <None Include="DirectXTK12\Src\Shaders\Compiled\BasicEffect_VSBasicPixelLighting.inc">
      <Filter>DirectXTK12\Src\Compiled</Filter>
    </None>
    <None Include="DirectXTK12\Src\Shaders\Compiled\BasicEffect_VSBasicPixelLightingBn.inc">
      <Filter>DirectXTK12\Src\Compiled</Filter>
    </None>
    <None Include="DirectXTK12\Src\Shaders\Compiled\BasicEffect_VSBasicPixelLightingTx.inc">
      <Filter>DirectXTK12\Src\Compiled</Filter>
    </None>
    <None Include="DirectXTK12\Src\Shaders\Compiled\BasicEffect_VSBasicPixelLightingTxBn.inc">
      <Filter>DirectXTK12\Src\Compiled</Filter>
    </None>
    <None Include="DirectXTK12\Src\Shaders\Compiled\BasicEffect_VSBasicPixelLightingTxVc.inc">
      <Filter>DirectXTK12\Src\Compiled</Filter>
    </None>
    <None Include="DirectXTK12\Src\Shaders\Compiled\BasicEffect_VSBasicPixelLightingTxVcBn.inc">
      <Filter>DirectXTK12\Src\Compiled</Filter>
    </None>
    <None Include="DirectXTK12\Src\Shaders\Compiled\BasicEffect_VSBasicPixelLightingVc.inc">
      <Filter>DirectXTK12\Src\Compiled</Filter>
    </None>
    <None Include="DirectXTK12\Src\Shaders\Compiled\BasicEffect_VSBasicPixelLightingVcBn.inc">
      <Filter>DirectXTK12\Src\Compiled</Filter>
    </None>
    <None Include="DirectXTK12\Src\Shaders\Compiled\BasicEffect_VSBasicTx.inc">
      <Filter>DirectXTK12\Src\Compiled</Filter>
    </None>
    <None Include="DirectXTK12\Src\Shaders\Compiled\BasicEffect_VSBasicTxNoFog.inc">
      <Filter>DirectXTK12\Src\Compiled</Filter>
    </None>
    <None Include="DirectXTK12\Src\Shaders\Compiled\BasicEffect_VSBasicTxVc.inc">
      <Filter>DirectXTK12\Src\Compiled</Filter>
    </None>
    <None Include="DirectXTK12\Src\Shaders\Compiled\BasicEffect_VSBasicTxVcNoFog.inc">
      <Filter>DirectXTK12\Src\Compiled</Filter>
    </None>
    <None Include="DirectXTK12\Src\Shaders\Compiled\BasicEffect_VSBasicVc.inc">
      <Filter>DirectXTK12\Src\Compiled</Filter>
    </None>
    <None Include="DirectXTK12\Src\Shaders\Compiled\BasicEffect_VSBasicVcNoFog.inc">
      <Filter>DirectXTK12\Src\Compiled</Filter>
    </None>
    <None Include="DirectXTK12\Src\Shaders\Compiled\BasicEffect_VSBasicVertexLighting.inc">
      <Filter>DirectXTK12\Src\Compiled</Filter>
    </None>
    <None Include="DirectXTK12\Src\Shaders\Compiled\BasicEffect_VSBasicVertexLightingBn.inc">
      <Filter>DirectXTK12\Src\Compiled</Filter>
    </None>
    <None Include="DirectXTK12\Src\Shaders\Compiled\BasicEffect_VSBasicVertexLightingTx.inc">
      <Filter>DirectXTK12\Src\Compiled</Filter>
    </None>
    <None Include="DirectXTK12\Src\Shaders\Compiled\BasicEffect_VSBasicVertexLightingTxBn.inc">
      <Filter>DirectXTK12\Src\Compiled</Filter>
    </None>
    <None Include="DirectXTK12\Src\Shaders\Compiled\BasicEffect_VSBasicVertexLightingTxVc.inc">
      <Filter>DirectXTK12\Src\Compiled</Filter>
    </None>
    <None Include="DirectXTK12\Src\Shaders\Compiled\BasicEffect_VSBasicVertexLightingTxVcBn.inc">
      <Filter>DirectXTK12\Src\Compiled</Filter>
    </None>
    <None Include="DirectXTK12\Src\Shaders\Compiled\BasicEffect_VSBasicVertexLightingVc.inc">
      <Filter>DirectXTK12\Src\Compiled</Filter>
    </None>
    <None Include="DirectXTK12\Src\Shaders\Compiled\BasicEffect_VSBasicVertexLightingVcBn.inc">
      <Filter>DirectXTK12\Src\Compiled</Filter>
    </None>
    <None Include="DirectXTK12\Src\Shaders\Compiled\DebugEffect_PSHemiAmbient.inc">
      <Filter>DirectXTK12\Src\Compiled</Filter>
    </None>
    <None Include="DirectXTK12\Src\Shaders\Compiled\DebugEffect_PSRGBBiTangents.inc">
      <Filter>DirectXTK12\Src\Compiled</Filter>
    </None>
    <None Include="DirectXTK12\Src\Shaders\Compiled\DebugEffect_PSRGBNormals.inc">
      <Filter>DirectXTK12\Src\Compiled</Filter>
    </None>
    <None Include="DirectXTK12\Src\Shaders\Compiled\DebugEffect_PSRGBTangents.inc">
      <Filter>DirectXTK12\Src\Compiled</Filter>
    </None>
    <None Include="DirectXTK12\Src\Shaders\Compiled\DebugEffect_VSDebug.inc">
      <Filter>DirectXTK12\Src\Compiled</Filter>
    </None>
    <None Include="DirectXTK12\Src\Shaders\Compiled\DebugEffect_VSDebugBn.inc">
      <Filter>DirectXTK12\Src\Compiled</Filter>
    </None>
    <None Include="DirectXTK12\Src\Shaders\Compiled\DebugEffect_VSDebugBnInst.inc">
      <Filter>DirectXTK12\Src\Compiled</Filter>
    </None>
    <None Include="DirectXTK12\Src\Shaders\Compiled\DebugEffect_VSDebugInst.inc">
      <Filter>DirectXTK12\Src\Compiled</Filter>
    </None>
    <None Include="DirectXTK12\Src\Shaders\Compiled\DebugEffect_VSDebugVc.inc">
      <Filter>DirectXTK12\Src\Compiled</Filter>
    </None>
    <None Include="DirectXTK12\Src\Shaders\Compiled\DebugEffect_VSDebugVcBn.inc">
      <Filter>DirectXTK12\Src\Compiled</Filter>
    </None>
    <None Include="DirectXTK12\Src\Shaders\Compiled\DebugEffect_VSDebugVcBnInst.inc">
      <Filter>DirectXTK12\Src\Compiled</Filter>
    </None>
    <None Include="DirectXTK12\Src\Shaders\Compiled\DebugEffect_VSDebugVcInst.inc">
      <Filter>DirectXTK12\Src\Compiled</Filter>
    </None>
    <None Include="DirectXTK12\Src\Shaders\Compiled\DualTextureEffect_PSDualTexture.inc">
      <Filter>DirectXTK12\Src\Compiled</Filter>
    </None>
    <None Include="DirectXTK12\Src\Shaders\Compiled\DualTextureEffect_PSDualTextureNoFog.inc">
      <Filter>DirectXTK12\Src\Compiled</Filter>
    </None>
    <None Include="DirectXTK12\Src\Shaders\Compiled\DualTextureEffect_VSDualTexture.inc">
      <Filter>DirectXTK12\Src\Compiled</Filter>
    </None>
    <None Include="DirectXTK12\Src\Shaders\Compiled\DualTextureEffect_VSDualTextureNoFog.inc">
      <Filter>DirectXTK12\Src\Compiled</Filter>
    </None>
    <None Include="DirectXTK12\Src\Shaders\Compiled\DualTextureEffect_VSDualTextureVc.inc">
      <Filter>DirectXTK12\Src\Compiled</Filter>
    </None>
    <None Include="DirectXTK12\Src\Shaders\Compiled\DualTextureEffect_VSDualTextureVcNoFog.inc">
      <Filter>DirectXTK12\Src\Compiled</Filter>
    </None>
    <None Include="DirectXTK12\Src\Shaders\Compiled\EnvironmentMapEffect_PSEnvMap.inc">
      <Filter>DirectXTK12\Src\Compiled</Filter>
    </None>
    <None Include="DirectXTK12\Src\Shaders\Compiled\EnvironmentMapEffect_PSEnvMapDualParabolaPixelLighting.inc">
      <Filter>DirectXTK12\Src\Compiled</Filter>
    </None>
    <None Include="DirectXTK12\Src\Shaders\Compiled\EnvironmentMapEffect_PSEnvMapDualParabolaPixelLightingFresnel.inc">
      <Filter>DirectXTK12\Src\Compiled</Filter>
    </None>
    <None Include="DirectXTK12\Src\Shaders\Compiled\EnvironmentMapEffect_PSEnvMapDualParabolaPixelLightingFresnelNoFog.inc">
      <Filter>DirectXTK12\Src\Compiled</Filter>
    </None>
    <None Include="DirectXTK12\Src\Shaders\Compiled\EnvironmentMapEffect_PSEnvMapDualParabolaPixelLightingNoFog.inc">
      <Filter>DirectXTK12\Src\Compiled</Filter>
    </None>
    <None Include="DirectXTK12\Src\Shaders\Compiled\EnvironmentMapEffect_PSEnvMapNoFog.inc">
      <Filter>DirectXTK12\Src\Compiled</Filter>
    </None>
    <None Include="DirectXTK12\Src\Shaders\Compiled\EnvironmentMapEffect_PSEnvMapPixelLighting.inc">
      <Filter>DirectXTK12\Src\Compiled</Filter>
    </None>
    <None Include="DirectXTK12\Src\Shaders\Compiled\EnvironmentMapEffect_PSEnvMapPixelLightingFresnel.inc">
      <Filter>DirectXTK12\Src\Compiled</Filter>
    </None>
    <None Include="DirectXTK12\Src\Shaders\Compiled\EnvironmentMapEffect_PSEnvMapPixelLightingFresnelNoFog.inc">
      <Filter>DirectXTK12\Src\Compiled</Filter>
    </None>
    <None Include="DirectXTK12\Src\Shaders\Compiled\EnvironmentMapEffect_PSEnvMapPixelLightingNoFog.inc">
      <Filter>DirectXTK12\Src\Compiled</Filter>
    </None>
    <None Include="DirectXTK12\Src\Shaders\Compiled\EnvironmentMapEffect_PSEnvMapSpecular.inc">
      <Filter>DirectXTK12\Src\Compiled</Filter>
    </None>
    <None Include="DirectXTK12\Src\Shaders\Compiled\EnvironmentMapEffect_PSEnvMapSpecularNoFog.inc">
      <Filter>DirectXTK12\Src\Compiled</Filter>
    </None>
    <None Include="DirectXTK12\Src\Shaders\Compiled\EnvironmentMapEffect_PSEnvMapSpherePixelLighting.inc">
      <Filter>DirectXTK12\Src\Compiled</Filter>
    </None>
    <None Include="DirectXTK12\Src\Shaders\Compiled\EnvironmentMapEffect_PSEnvMapSpherePixelLightingFresnel.inc">
      <Filter>DirectXTK12\Src\Compiled</Filter>
    </None>
    <None Include="DirectXTK12\Src\Shaders\Compiled\EnvironmentMapEffect_PSEnvMapSpherePixelLightingFresnelNoFog.inc">
      <Filter>DirectXTK12\Src\Compiled</Filter>
    </None>
    <None Include="DirectXTK12\Src\Shaders\Compiled\EnvironmentMapEffect_PSEnvMapSpherePixelLightingNoFog.inc">
      <Filter>DirectXTK12\Src\Compiled</Filter>
    </None>
    <None Include="DirectXTK12\Src\Shaders\Compiled\EnvironmentMapEffect_VSEnvMap.inc">
      <Filter>DirectXTK12\Src\Compiled</Filter>
    </None>
    <None Include="DirectXTK12\Src\Shaders\Compiled\EnvironmentMapEffect_VSEnvMapBn.inc">
      <Filter>DirectXTK12\Src\Compiled</Filter>
    </None>
    <None Include="DirectXTK12\Src\Shaders\Compiled\EnvironmentMapEffect_VSEnvMapFresnel.inc">
      <Filter>DirectXTK12\Src\Compiled</Filter>
    </None>
    <None Include="DirectXTK12\Src\Shaders\Compiled\EnvironmentMapEffect_VSEnvMapFresnelBn.inc">
      <Filter>DirectXTK12\Src\Compiled</Filter>
    </None>
    <None Include="DirectXTK12\Src\Shaders\Compiled\EnvironmentMapEffect_VSEnvMapPixelLighting.inc">
      <Filter>DirectXTK12\Src\Compiled</Filter>
    </None>
    <None Include="DirectXTK12\Src\Shaders\Compiled\EnvironmentMapEffect_VSEnvMapPixelLightingBn.inc">
      <Filter>DirectXTK12\Src\Compiled</Filter>
    </None>
    <None Include="DirectXTK12\Src\Shaders\Compiled\GenerateMips_main.inc">
      <Filter>DirectXTK12\Src\Compiled</Filter>
    </None>
    <None Include="DirectXTK12\Src\Shaders\Compiled\NormalMapEffect_PSNormalPixelLightingTx.inc">
      <Filter>DirectXTK12\Src\Compiled</Filter>
    </None>
    <None Include="DirectXTK12\Src\Shaders\Compiled\NormalMapEffect_PSNormalPixelLightingTxNoFog.inc">
      <Filter>DirectXTK12\Src\Compiled</Filter>
    </None>
    <None Include="DirectXTK12\Src\Shaders\Compiled\NormalMapEffect_PSNormalPixelLightingTxNoFogSpec.inc">
      <Filter>DirectXTK12\Src\Compiled</Filter>
    </None>
    <None Include="DirectXTK12\Src\Shaders\Compiled\NormalMapEffect_PSNormalPixelLightingTxNoSpec.inc">
      <Filter>DirectXTK12\Src\Compiled</Filter>
    </None>
    <None Include="DirectXTK12\Src\Shaders\Compiled\NormalMapEffect_VSNormalPixelLightingTx.inc">
      <Filter>DirectXTK12\Src\Compiled</Filter>
    </None>
    <None Include="DirectXTK12\Src\Shaders\Compiled\NormalMapEffect_VSNormalPixelLightingTxBn.inc">
      <Filter>DirectXTK12\Src\Compiled</Filter>
    </None>
    <None Include="DirectXTK12\Src\Shaders\Compiled\NormalMapEffect_VSNormalPixelLightingTxBnInst.inc">
      <Filter>DirectXTK12\Src\Compiled</Filter>
    </None>
    <None Include="DirectXTK12\Src\Shaders\Compiled\NormalMapEffect_VSNormalPixelLightingTxInst.inc">
      <Filter>DirectXTK12\Src\Compiled</Filter>
    </None>
    <None Include="DirectXTK12\Src\Shaders\Compiled\NormalMapEffect_VSNormalPixelLightingTxNoSpec.inc">
      <Filter>DirectXTK12\Src\Compiled</Filter>
    </None>
    <None Include="DirectXTK12\Src\Shaders\Compiled\NormalMapEffect_VSNormalPixelLightingTxNoSpecBn.inc">
      <Filter>DirectXTK12\Src\Compiled</Filter>
    </None>
    <None Include="DirectXTK12\Src\Shaders\Compiled\NormalMapEffect_VSNormalPixelLightingTxNoSpecBnInst.inc">
      <Filter>DirectXTK12\Src\Compiled</Filter>
    </None>
    <None Include="DirectXTK12\Src\Shaders\Compiled\NormalMapEffect_VSNormalPixelLightingTxNoSpecInst.inc">
      <Filter>DirectXTK12\Src\Compiled</Filter>
    </None>
    <None Include="DirectXTK12\Src\Shaders\Compiled\NormalMapEffect_VSNormalPixelLightingTxVc.inc">
      <Filter>DirectXTK12\Src\Compiled</Filter>
    </None>
    <None Include="DirectXTK12\Src\Shaders\Compiled\NormalMapEffect_VSNormalPixelLightingTxVcBn.inc">
      <Filter>DirectXTK12\Src\Compiled</Filter>
    </None>
    <None Include="DirectXTK12\Src\Shaders\Compiled\NormalMapEffect_VSNormalPixelLightingTxVcBnInst.inc">
      <Filter>DirectXTK12\Src\Compiled</Filter>
    </None>
    <None Include="DirectXTK12\Src\Shaders\Compiled\NormalMapEffect_VSNormalPixelLightingTxVcInst.inc">
      <Filter>DirectXTK12\Src\Compiled</Filter>
    </None>
    <None Include="DirectXTK12\Src\Shaders\Compiled\NormalMapEffect_VSNormalPixelLightingTxVcNoSpec.inc">
      <Filter>DirectXTK12\Src\Compiled</Filter>
    </None>
    <None Include="DirectXTK12\Src\Shaders\Compiled\NormalMapEffect_VSNormalPixelLightingTxVcNoSpecBn.inc">
      <Filter>DirectXTK12\Src\Compiled</Filter>
    </None>
    <None Include="DirectXTK12\Src\Shaders\Compiled\NormalMapEffect_VSNormalPixelLightingTxVcNoSpecBnInst.inc">
      <Filter>DirectXTK12\Src\Compiled</Filter>
    </None>
    <None Include="DirectXTK12\Src\Shaders\Compiled\NormalMapEffect_VSNormalPixelLightingTxVcNoSpecInst.inc">
      <Filter>DirectXTK12\Src\Compiled</Filter>
    </None>
    <None Include="DirectXTK12\Src\Shaders\Compiled\NormalMapEffect_VSSkinnedPixelLightingTx.inc">
      <Filter>DirectXTK12\Src\Compiled</Filter>
    </None>
    <None Include="DirectXTK12\Src\Shaders\Compiled\NormalMapEffect_VSSkinnedPixelLightingTxBn.inc">
      <Filter>DirectXTK12\Src\Compiled</Filter>
    </None>
    <None Include="DirectXTK12\Src\Shaders\Compiled\NormalMapEffect_VSSkinnedPixelLightingTxNoSpec.inc">
      <Filter>DirectXTK12\Src\Compiled</Filter>
    </None>
    <None Include="DirectXTK12\Src\Shaders\Compiled\NormalMapEffect_VSSkinnedPixelLightingTxNoSpecBn.inc">
      <Filter>DirectXTK12\Src\Compiled</Filter>
    </None>
    <None Include="DirectXTK12\Src\Shaders\Compiled\PBREffect_PSConstant.inc">
      <Filter>DirectXTK12\Src\Compiled</Filter>
    </None>
    <None Include="DirectXTK12\Src\Shaders\Compiled\PBREffect_PSTextured.inc">
      <Filter>DirectXTK12\Src\Compiled</Filter>
    </None>
    <None Include="DirectXTK12\Src\Shaders\Compiled\PBREffect_PSTexturedEmissive.inc">
      <Filter>DirectXTK12\Src\Compiled</Filter>
    </None>
    <None Include="DirectXTK12\Src\Shaders\Compiled\PBREffect_PSTexturedEmissiveVelocity.inc">
      <Filter>DirectXTK12\Src\Compiled</Filter>
    </None>
    <None Include="DirectXTK12\Src\Shaders\Compiled\PBREffect_PSTexturedVelocity.inc">
      <Filter>DirectXTK12\Src\Compiled</Filter>
    </None>
    <None Include="DirectXTK12\Src\Shaders\Compiled\PBREffect_VSConstant.inc">
      <Filter>DirectXTK12\Src\Compiled</Filter>
    </None>
    <None Include="DirectXTK12\Src\Shaders\Compiled\PBREffect_VSConstantBn.inc">
      <Filter>DirectXTK12\Src\Compiled</Filter>
    </None>
    <None Include="DirectXTK12\Src\Shaders\Compiled\PBREffect_VSConstantBnInst.inc">
      <Filter>DirectXTK12\Src\Compiled</Filter>
    </None>
    <None Include="DirectXTK12\Src\Shaders\Compiled\PBREffect_VSConstantInst.inc">
      <Filter>DirectXTK12\Src\Compiled</Filter>
    </None>
    <None Include="DirectXTK12\Src\Shaders\Compiled\PBREffect_VSConstantVelocity.inc">
      <Filter>DirectXTK12\Src\Compiled</Filter>
    </None>
    <None Include="DirectXTK12\Src\Shaders\Compiled\PBREffect_VSConstantVelocityBn.inc">
      <Filter>DirectXTK12\Src\Compiled</Filter>
    </None>
    <None Include="DirectXTK12\Src\Shaders\Compiled\PBREffect_VSSkinned.inc">
      <Filter>DirectXTK12\Src\Compiled</Filter>
    </None>
    <None Include="DirectXTK12\Src\Shaders\Compiled\PBREffect_VSSkinnedBn.inc">
      <Filter>DirectXTK12\Src\Compiled</Filter>
    </None>
    <None Include="DirectXTK12\Src\Shaders\Compiled\PostProcess_PSBloomBlur.inc">
      <Filter>DirectXTK12\Src\Compiled</Filter>
    </None>
    <None Include="DirectXTK12\Src\Shaders\Compiled\PostProcess_PSBloomCombine.inc">
      <Filter>DirectXTK12\Src\Compiled</Filter>
    </None>
    <None Include="DirectXTK12\Src\Shaders\Compiled\PostProcess_PSBloomExtract.inc">
      <Filter>DirectXTK12\Src\Compiled</Filter>
    </None>
    <None Include="DirectXTK12\Src\Shaders\Compiled\PostProcess_PSCopy.inc">
      <Filter>DirectXTK12\Src\Compiled</Filter>
    </None>
    <None Include="DirectXTK12\Src\Shaders\Compiled\PostProcess_PSDownScale2x2.inc">
      <Filter>DirectXTK12\Src\Compiled</Filter>
    </None>
    <None Include="DirectXTK12\Src\Shaders\Compiled\PostProcess_PSDownScale4x4.inc">
      <Filter>DirectXTK12\Src\Compiled</Filter>
    </None>
    <None Include="DirectXTK12\Src\Shaders\Compiled\PostProcess_PSGaussianBlur5x5.inc">
      <Filter>DirectXTK12\Src\Compiled</Filter>
    </None>
    <None Include="DirectXTK12\Src\Shaders\Compiled\PostProcess_PSMerge.inc">
      <Filter>DirectXTK12\Src\Compiled</Filter>
    </None>
    <None Include="DirectXTK12\Src\Shaders\Compiled\PostProcess_PSMonochrome.inc">
      <Filter>DirectXTK12\Src\Compiled</Filter>
    </None>
    <None Include="DirectXTK12\Src\Shaders\Compiled\PostProcess_PSSepia.inc">
      <Filter>DirectXTK12\Src\Compiled</Filter>
    </None>
    <None Include="DirectXTK12\Src\Shaders\Compiled\PostProcess_VSQuad.inc">
      <Filter>DirectXTK12\Src\Compiled</Filter>
    </None>
    <None Include="DirectXTK12\Src\Shaders\Compiled\PostProcess_VSQuadDual.inc">
      <Filter>DirectXTK12\Src\Compiled</Filter>
    </None>
    <None Include="DirectXTK12\Src\Shaders\Compiled\PostProcess_VSQuadNoCB.inc">
      <Filter>DirectXTK12\Src\Compiled</Filter>
    </None>
    <None Include="DirectXTK12\Src\Shaders\Compiled\SkinnedEffect_PSSkinnedPixelLighting.inc">
      <Filter>DirectXTK12\Src\Compiled</Filter>
    </None>
    <None Include="DirectXTK12\Src\Shaders\Compiled\SkinnedEffect_PSSkinnedVertexLighting.inc">
      <Filter>DirectXTK12\Src\Compiled</Filter>
    </None>
    <None Include="DirectXTK12\Src\Shaders\Compiled\SkinnedEffect_PSSkinnedVertexLightingNoFog.inc">
      <Filter>DirectXTK12\Src\Compiled</Filter>
    </None>
    <None Include="DirectXTK12\Src\Shaders\Compiled\SkinnedEffect_VSSkinnedPixelLightingFourBones.inc">
      <Filter>DirectXTK12\Src\Compiled</Filter>
    </None>
    <None Include="DirectXTK12\Src\Shaders\Compiled\SkinnedEffect_VSSkinnedPixelLightingFourBonesBn.inc">
      <Filter>DirectXTK12\Src\Compiled</Filter>
    </None>
    <None Include="DirectXTK12\Src\Shaders\Compiled\SkinnedEffect_VSSkinnedVertexLightingFourBones.inc">
      <Filter>DirectXTK12\Src\Compiled</Filter>
    </None>
    <None Include="DirectXTK12\Src\Shaders\Compiled\SkinnedEffect_VSSkinnedVertexLightingFourBonesBn.inc">
      <Filter>DirectXTK12\Src\Compiled</Filter>
    </None>
    <None Include="DirectXTK12\Src\Shaders\Compiled\SpriteEffect_SpritePixelShader.inc">
      <Filter>DirectXTK12\Src\Compiled</Filter>
    </None>
    <None Include="DirectXTK12\Src\Shaders\Compiled\SpriteEffect_SpritePixelShaderHeap.inc">
      <Filter>DirectXTK12\Src\Compiled</Filter>
    </None>
    <None Include="DirectXTK12\Src\Shaders\Compiled\SpriteEffect_SpriteVertexShader.inc">
      <Filter>DirectXTK12\Src\Compiled</Filter>
    </None>
    <None Include="DirectXTK12\Src\Shaders\Compiled\SpriteEffect_SpriteVertexShaderHeap.inc">
      <Filter>DirectXTK12\Src\Compiled</Filter>
    </None>
    <None Include="DirectXTK12\Src\Shaders\Compiled\ToneMap_PS_SRGB.inc">
      <Filter>DirectXTK12\Src\Compiled</Filter>
    </None>
    <None Include="DirectXTK12\Src\Shaders\Compiled\ToneMap_PSACESFilmic.inc">
      <Filter>DirectXTK12\Src\Compiled</Filter>
    </None>
    <None Include="DirectXTK12\Src\Shaders\Compiled\ToneMap_PSACESFilmic_SRGB.inc">
      <Filter>DirectXTK12\Src\Compiled</Filter>
    </None>
    <None Include="DirectXTK12\Src\Shaders\Compiled\ToneMap_PSCopy.inc">
      <Filter>DirectXTK12\Src\Compiled</Filter>
    </None>
    <None Include="DirectXTK12\Src\Shaders\Compiled\ToneMap_PSHDR10.inc">
      <Filter>DirectXTK12\Src\Compiled</Filter>
    </None>
    <None Include="DirectXTK12\Src\Shaders\Compiled\ToneMap_PSReinhard.inc">
      <Filter>DirectXTK12\Src\Compiled</Filter>
    </None>
    <None Include="DirectXTK12\Src\Shaders\Compiled\ToneMap_PSReinhard_SRGB.inc">
      <Filter>DirectXTK12\Src\Compiled</Filter>
    </None>
    <None Include="DirectXTK12\Src\Shaders\Compiled\ToneMap_PSSaturate.inc">
      <Filter>DirectXTK12\Src\Compiled</Filter>
    </None>
    <None Include="DirectXTK12\Src\Shaders\Compiled\ToneMap_PSSaturate_SRGB.inc">
      <Filter>DirectXTK12\Src\Compiled</Filter>
    </None>
    <None Include="DirectXTK12\Src\Shaders\Compiled\ToneMap_VSQuad.inc">
      <Filter>DirectXTK12\Src\Compiled</Filter>
    </None>
  </ItemGroup>
  <ItemGroup>
    <FxCompile Include="Shaders\Default.hlsl">
      <Filter>r</Filter>
    </FxCompile>
    <FxCompile Include="Shaders\2dsprite.hlsl">
      <Filter>r</Filter>
    </FxCompile>
  </ItemGroup>
</Project>